
Microsoft Visual Studio Solution File, Format Version 12.00
# Visual Studio Version 16
VisualStudioVersion = 16.0.31911.196
MinimumVisualStudioVersion = 10.0.40219.1
Project("{FAE04EC0-301F-11D3-BF4B-00C04F79EFBC}") = "Health Shop.Android", "Health Shop\Health Shop.Android\Health Shop.Android.csproj", "{C5DB0B70-5F08-4FE1-8F97-DCE8F01D5308}"
EndProject
Project("{9A19103F-16F7-4668-BE54-9A1E7A4F7556}") = "Health Shop", "Health Shop\Health Shop\Health Shop.csproj", "{0204A34C-B272-4D88-B1C3-99683695E105}"
EndProject
Global
	GlobalSection(SolutionConfigurationPlatforms) = preSolution
		Debug|Any CPU = Debug|Any CPU
		Release|Any CPU = Release|Any CPU
	EndGlobalSection
	GlobalSection(ProjectConfigurationPlatforms) = postSolution
		{C5DB0B70-5F08-4FE1-8F97-DCE8F01D5308}.Debug|Any CPU.ActiveCfg = Debug|Any CPU
		{C5DB0B70-5F08-4FE1-8F97-DCE8F01D5308}.Debug|Any CPU.Build.0 = Debug|Any CPU
		{C5DB0B70-5F08-4FE1-8F97-DCE8F01D5308}.Debug|Any CPU.Deploy.0 = Debug|Any CPU
		{C5DB0B70-5F08-4FE1-8F97-DCE8F01D5308}.Release|Any CPU.ActiveCfg = Release|Any CPU
		{C5DB0B70-5F08-4FE1-8F97-DCE8F01D5308}.Release|Any CPU.Build.0 = Release|Any CPU
		{C5DB0B70-5F08-4FE1-8F97-DCE8F01D5308}.Release|Any CPU.Deploy.0 = Release|Any CPU
		{0204A34C-B272-4D88-B1C3-99683695E105}.Debug|Any CPU.ActiveCfg = Debug|Any CPU
		{0204A34C-B272-4D88-B1C3-99683695E105}.Debug|Any CPU.Build.0 = Debug|Any CPU
		{0204A34C-B272-4D88-B1C3-99683695E105}.Debug|Any CPU.Deploy.0 = Debug|Any CPU
		{0204A34C-B272-4D88-B1C3-99683695E105}.Release|Any CPU.ActiveCfg = Release|Any CPU
		{0204A34C-B272-4D88-B1C3-99683695E105}.Release|Any CPU.Build.0 = Release|Any CPU
		{0204A34C-B272-4D88-B1C3-99683695E105}.Release|Any CPU.Deploy.0 = Release|Any CPU
	EndGlobalSection
	GlobalSection(SolutionProperties) = preSolution
		HideSolutionNode = FALSE
	EndGlobalSection
	GlobalSection(ExtensibilityGlobals) = postSolution
		SolutionGuid = {958CA5C3-49C3-4E98-B68C-4A849DA6EA58}
	EndGlobalSection
EndGlobal
